
Microsoft Visual Studio Solution File, Format Version 12.00
Project("{FAE04EC0-301F-11D3-BF4B-00C04F79EFBC}") = "Core", "Core\Core.csproj", "{62843F4D-AA65-4407-988B-D647539AF24F}"
EndProject
Project("{FAE04EC0-301F-11D3-BF4B-00C04F79EFBC}") = "Core.Tests", "Core.Tests\Core.Tests.csproj", "{3717414C-0D34-40A8-B0D3-5D9880C07830}"
EndProject
Project("{2150E333-8FDC-42A3-9474-1A3956D46DE8}") = "root", "root", "{111FEFD4-8225-4E2B-BBFF-D7D3DA19BB6F}"
	ProjectSection(SolutionItems) = preProject
		README.md = README.md
	EndProjectSection
EndProject
Project("{FAE04EC0-301F-11D3-BF4B-00C04F79EFBC}") = "Trigo", "Trigo\Trigo.csproj", "{786DCA32-8FDF-4EF2-8061-A04B04D452DD}"
EndProject
Global
	GlobalSection(SolutionConfigurationPlatforms) = preSolution
		Debug|Any CPU = Debug|Any CPU
		Release|Any CPU = Release|Any CPU
	EndGlobalSection
	GlobalSection(ProjectConfigurationPlatforms) = postSolution
		{62843F4D-AA65-4407-988B-D647539AF24F}.Debug|Any CPU.ActiveCfg = Debug|Any CPU
		{62843F4D-AA65-4407-988B-D647539AF24F}.Debug|Any CPU.Build.0 = Debug|Any CPU
		{62843F4D-AA65-4407-988B-D647539AF24F}.Release|Any CPU.ActiveCfg = Release|Any CPU
		{62843F4D-AA65-4407-988B-D647539AF24F}.Release|Any CPU.Build.0 = Release|Any CPU
		{3717414C-0D34-40A8-B0D3-5D9880C07830}.Debug|Any CPU.ActiveCfg = Debug|Any CPU
		{3717414C-0D34-40A8-B0D3-5D9880C07830}.Debug|Any CPU.Build.0 = Debug|Any CPU
		{3717414C-0D34-40A8-B0D3-5D9880C07830}.Release|Any CPU.ActiveCfg = Release|Any CPU
		{3717414C-0D34-40A8-B0D3-5D9880C07830}.Release|Any CPU.Build.0 = Release|Any CPU
		{786DCA32-8FDF-4EF2-8061-A04B04D452DD}.Debug|Any CPU.ActiveCfg = Debug|Any CPU
		{786DCA32-8FDF-4EF2-8061-A04B04D452DD}.Debug|Any CPU.Build.0 = Debug|Any CPU
		{786DCA32-8FDF-4EF2-8061-A04B04D452DD}.Release|Any CPU.ActiveCfg = Release|Any CPU
		{786DCA32-8FDF-4EF2-8061-A04B04D452DD}.Release|Any CPU.Build.0 = Release|Any CPU
	EndGlobalSection
EndGlobal
